// !$*UTF8*$!
{
	archiveVersion = 1;
	classes = {
	};
	objectVersion = 51;
	objects = {

/* Begin PBXBuildFile section */
		20E1A31E23D48892001D6FA6 /* AppDelegate.swift in Sources */ = {isa = PBXBuildFile; fileRef = 20E1A31D23D48892001D6FA6 /* AppDelegate.swift */; };
		20E1A32023D48892001D6FA6 /* SceneDelegate.swift in Sources */ = {isa = PBXBuildFile; fileRef = 20E1A31F23D48892001D6FA6 /* SceneDelegate.swift */; };
		20E1A32323D48892001D6FA6 /* Collectify.xcdatamodeld in Sources */ = {isa = PBXBuildFile; fileRef = 20E1A32123D48892001D6FA6 /* Collectify.xcdatamodeld */; };
		20E1A32523D48892001D6FA6 /* ContentView.swift in Sources */ = {isa = PBXBuildFile; fileRef = 20E1A32423D48892001D6FA6 /* ContentView.swift */; };
		20E1A32723D48893001D6FA6 /* Assets.xcassets in Resources */ = {isa = PBXBuildFile; fileRef = 20E1A32623D48893001D6FA6 /* Assets.xcassets */; };
		20E1A32A23D48893001D6FA6 /* Preview Assets.xcassets in Resources */ = {isa = PBXBuildFile; fileRef = 20E1A32923D48893001D6FA6 /* Preview Assets.xcassets */; };
		20E1A32D23D48893001D6FA6 /* LaunchScreen.storyboard in Resources */ = {isa = PBXBuildFile; fileRef = 20E1A32B23D48893001D6FA6 /* LaunchScreen.storyboard */; };
		20E1A33823D48893001D6FA6 /* CollectifyTests.swift in Sources */ = {isa = PBXBuildFile; fileRef = 20E1A33723D48893001D6FA6 /* CollectifyTests.swift */; };
		20E1A34323D48893001D6FA6 /* CollectifyUITests.swift in Sources */ = {isa = PBXBuildFile; fileRef = 20E1A34223D48893001D6FA6 /* CollectifyUITests.swift */; };
		20E1A35123D48990001D6FA6 /* MapView.swift in Sources */ = {isa = PBXBuildFile; fileRef = 20E1A35023D48990001D6FA6 /* MapView.swift */; };
		20E1A35323D48C7B001D6FA6 /* LocationManager.swift in Sources */ = {isa = PBXBuildFile; fileRef = 20E1A35223D48C7B001D6FA6 /* LocationManager.swift */; };
		20E1A35523D48E8D001D6FA6 /* RestService.swift in Sources */ = {isa = PBXBuildFile; fileRef = 20E1A35423D48E8D001D6FA6 /* RestService.swift */; };
		20E1A35923D4905D001D6FA6 /* EventListView.swift in Sources */ = {isa = PBXBuildFile; fileRef = 20E1A35823D4905D001D6FA6 /* EventListView.swift */; };
		20E1A35B23D49391001D6FA6 /* CameraView.swift in Sources */ = {isa = PBXBuildFile; fileRef = 20E1A35A23D49391001D6FA6 /* CameraView.swift */; };
		20E1A35D23D496AA001D6FA6 /* ImagePicker.swift in Sources */ = {isa = PBXBuildFile; fileRef = 20E1A35C23D496AA001D6FA6 /* ImagePicker.swift */; };
		20E1A35F23D49AA7001D6FA6 /* PhotoCaptureView.swift in Sources */ = {isa = PBXBuildFile; fileRef = 20E1A35E23D49AA7001D6FA6 /* PhotoCaptureView.swift */; };
		20E1A36323D4AB57001D6FA6 /* GarbageEventModel.swift in Sources */ = {isa = PBXBuildFile; fileRef = 20E1A36223D4AB57001D6FA6 /* GarbageEventModel.swift */; };
		20E1A36523D4AC06001D6FA6 /* Observer.swift in Sources */ = {isa = PBXBuildFile; fileRef = 20E1A36423D4AC06001D6FA6 /* Observer.swift */; };
		80D94894FEB1071AA51A3BA6 /* Pods_Collectify.framework in Frameworks */ = {isa = PBXBuildFile; fileRef = F624B4555420AC7E4290BE35 /* Pods_Collectify.framework */; };
		B917342723BDE020D09D4174 /* Pods_Collectify_CollectifyUITests.framework in Frameworks */ = {isa = PBXBuildFile; fileRef = EC782457C6617779B6DBA10A /* Pods_Collectify_CollectifyUITests.framework */; };
		F70C5699F49C7B73AC6DDD6C /* Pods_CollectifyTests.framework in Frameworks */ = {isa = PBXBuildFile; fileRef = 6510E6144A7A3995BDCAE653 /* Pods_CollectifyTests.framework */; };
/* End PBXBuildFile section */

/* Begin PBXContainerItemProxy section */
		20E1A33423D48893001D6FA6 /* PBXContainerItemProxy */ = {
			isa = PBXContainerItemProxy;
			containerPortal = 20E1A31223D48892001D6FA6 /* Project object */;
			proxyType = 1;
			remoteGlobalIDString = 20E1A31923D48892001D6FA6;
			remoteInfo = Collectify;
		};
		20E1A33F23D48893001D6FA6 /* PBXContainerItemProxy */ = {
			isa = PBXContainerItemProxy;
			containerPortal = 20E1A31223D48892001D6FA6 /* Project object */;
			proxyType = 1;
			remoteGlobalIDString = 20E1A31923D48892001D6FA6;
			remoteInfo = Collectify;
		};
/* End PBXContainerItemProxy section */

/* Begin PBXFileReference section */
		20E1A31A23D48892001D6FA6 /* Collectify.app */ = {isa = PBXFileReference; explicitFileType = wrapper.application; includeInIndex = 0; path = Collectify.app; sourceTree = BUILT_PRODUCTS_DIR; };
		20E1A31D23D48892001D6FA6 /* AppDelegate.swift */ = {isa = PBXFileReference; lastKnownFileType = sourcecode.swift; path = AppDelegate.swift; sourceTree = "<group>"; };
		20E1A31F23D48892001D6FA6 /* SceneDelegate.swift */ = {isa = PBXFileReference; lastKnownFileType = sourcecode.swift; path = SceneDelegate.swift; sourceTree = "<group>"; };
		20E1A32223D48892001D6FA6 /* Collectify.xcdatamodel */ = {isa = PBXFileReference; lastKnownFileType = wrapper.xcdatamodel; path = Collectify.xcdatamodel; sourceTree = "<group>"; };
		20E1A32423D48892001D6FA6 /* ContentView.swift */ = {isa = PBXFileReference; lastKnownFileType = sourcecode.swift; path = ContentView.swift; sourceTree = "<group>"; };
		20E1A32623D48893001D6FA6 /* Assets.xcassets */ = {isa = PBXFileReference; lastKnownFileType = folder.assetcatalog; path = Assets.xcassets; sourceTree = "<group>"; };
		20E1A32923D48893001D6FA6 /* Preview Assets.xcassets */ = {isa = PBXFileReference; lastKnownFileType = folder.assetcatalog; path = "Preview Assets.xcassets"; sourceTree = "<group>"; };
		20E1A32C23D48893001D6FA6 /* Base */ = {isa = PBXFileReference; lastKnownFileType = file.storyboard; name = Base; path = Base.lproj/LaunchScreen.storyboard; sourceTree = "<group>"; };
		20E1A32E23D48893001D6FA6 /* Info.plist */ = {isa = PBXFileReference; lastKnownFileType = text.plist.xml; path = Info.plist; sourceTree = "<group>"; };
		20E1A33323D48893001D6FA6 /* CollectifyTests.xctest */ = {isa = PBXFileReference; explicitFileType = wrapper.cfbundle; includeInIndex = 0; path = CollectifyTests.xctest; sourceTree = BUILT_PRODUCTS_DIR; };
		20E1A33723D48893001D6FA6 /* CollectifyTests.swift */ = {isa = PBXFileReference; lastKnownFileType = sourcecode.swift; path = CollectifyTests.swift; sourceTree = "<group>"; };
		20E1A33923D48893001D6FA6 /* Info.plist */ = {isa = PBXFileReference; lastKnownFileType = text.plist.xml; path = Info.plist; sourceTree = "<group>"; };
		20E1A33E23D48893001D6FA6 /* CollectifyUITests.xctest */ = {isa = PBXFileReference; explicitFileType = wrapper.cfbundle; includeInIndex = 0; path = CollectifyUITests.xctest; sourceTree = BUILT_PRODUCTS_DIR; };
		20E1A34223D48893001D6FA6 /* CollectifyUITests.swift */ = {isa = PBXFileReference; lastKnownFileType = sourcecode.swift; path = CollectifyUITests.swift; sourceTree = "<group>"; };
		20E1A34423D48893001D6FA6 /* Info.plist */ = {isa = PBXFileReference; lastKnownFileType = text.plist.xml; path = Info.plist; sourceTree = "<group>"; };
		20E1A35023D48990001D6FA6 /* MapView.swift */ = {isa = PBXFileReference; lastKnownFileType = sourcecode.swift; path = MapView.swift; sourceTree = "<group>"; };
		20E1A35223D48C7B001D6FA6 /* LocationManager.swift */ = {isa = PBXFileReference; lastKnownFileType = sourcecode.swift; path = LocationManager.swift; sourceTree = "<group>"; };
		20E1A35423D48E8D001D6FA6 /* RestService.swift */ = {isa = PBXFileReference; lastKnownFileType = sourcecode.swift; path = RestService.swift; sourceTree = "<group>"; };
		20E1A35823D4905D001D6FA6 /* EventListView.swift */ = {isa = PBXFileReference; lastKnownFileType = sourcecode.swift; path = EventListView.swift; sourceTree = "<group>"; };
		20E1A35A23D49391001D6FA6 /* CameraView.swift */ = {isa = PBXFileReference; lastKnownFileType = sourcecode.swift; path = CameraView.swift; sourceTree = "<group>"; };
		20E1A35C23D496AA001D6FA6 /* ImagePicker.swift */ = {isa = PBXFileReference; lastKnownFileType = sourcecode.swift; path = ImagePicker.swift; sourceTree = "<group>"; };
		20E1A35E23D49AA7001D6FA6 /* PhotoCaptureView.swift */ = {isa = PBXFileReference; lastKnownFileType = sourcecode.swift; path = PhotoCaptureView.swift; sourceTree = "<group>"; };
		20E1A36223D4AB57001D6FA6 /* GarbageEventModel.swift */ = {isa = PBXFileReference; fileEncoding = 4; lastKnownFileType = sourcecode.swift; path = GarbageEventModel.swift; sourceTree = "<group>"; };
		20E1A36423D4AC06001D6FA6 /* Observer.swift */ = {isa = PBXFileReference; lastKnownFileType = sourcecode.swift; path = Observer.swift; sourceTree = "<group>"; };
		41A50FB50940FC9BA95849B6 /* Pods-Collectify-CollectifyUITests.debug.xcconfig */ = {isa = PBXFileReference; includeInIndex = 1; lastKnownFileType = text.xcconfig; name = "Pods-Collectify-CollectifyUITests.debug.xcconfig"; path = "Target Support Files/Pods-Collectify-CollectifyUITests/Pods-Collectify-CollectifyUITests.debug.xcconfig"; sourceTree = "<group>"; };
		44D8B1663C693FDA400A87AC /* Pods-CollectifyTests.debug.xcconfig */ = {isa = PBXFileReference; includeInIndex = 1; lastKnownFileType = text.xcconfig; name = "Pods-CollectifyTests.debug.xcconfig"; path = "Target Support Files/Pods-CollectifyTests/Pods-CollectifyTests.debug.xcconfig"; sourceTree = "<group>"; };
		6510E6144A7A3995BDCAE653 /* Pods_CollectifyTests.framework */ = {isa = PBXFileReference; explicitFileType = wrapper.framework; includeInIndex = 0; path = Pods_CollectifyTests.framework; sourceTree = BUILT_PRODUCTS_DIR; };
		6A42C1C3BEF32F9F74F6C517 /* Pods-Collectify.release.xcconfig */ = {isa = PBXFileReference; includeInIndex = 1; lastKnownFileType = text.xcconfig; name = "Pods-Collectify.release.xcconfig"; path = "Target Support Files/Pods-Collectify/Pods-Collectify.release.xcconfig"; sourceTree = "<group>"; };
		6B2570FC3C000CD247CC9005 /* Pods-Collectify.debug.xcconfig */ = {isa = PBXFileReference; includeInIndex = 1; lastKnownFileType = text.xcconfig; name = "Pods-Collectify.debug.xcconfig"; path = "Target Support Files/Pods-Collectify/Pods-Collectify.debug.xcconfig"; sourceTree = "<group>"; };
		A02F07D1913233A659C3B575 /* Pods-Collectify-CollectifyUITests.release.xcconfig */ = {isa = PBXFileReference; includeInIndex = 1; lastKnownFileType = text.xcconfig; name = "Pods-Collectify-CollectifyUITests.release.xcconfig"; path = "Target Support Files/Pods-Collectify-CollectifyUITests/Pods-Collectify-CollectifyUITests.release.xcconfig"; sourceTree = "<group>"; };
		D8EFFC6544746FCFE859C888 /* Pods-CollectifyTests.release.xcconfig */ = {isa = PBXFileReference; includeInIndex = 1; lastKnownFileType = text.xcconfig; name = "Pods-CollectifyTests.release.xcconfig"; path = "Target Support Files/Pods-CollectifyTests/Pods-CollectifyTests.release.xcconfig"; sourceTree = "<group>"; };
		EC782457C6617779B6DBA10A /* Pods_Collectify_CollectifyUITests.framework */ = {isa = PBXFileReference; explicitFileType = wrapper.framework; includeInIndex = 0; path = Pods_Collectify_CollectifyUITests.framework; sourceTree = BUILT_PRODUCTS_DIR; };
		F624B4555420AC7E4290BE35 /* Pods_Collectify.framework */ = {isa = PBXFileReference; explicitFileType = wrapper.framework; includeInIndex = 0; path = Pods_Collectify.framework; sourceTree = BUILT_PRODUCTS_DIR; };
/* End PBXFileReference section */

/* Begin PBXFrameworksBuildPhase section */
		20E1A31723D48892001D6FA6 /* Frameworks */ = {
			isa = PBXFrameworksBuildPhase;
			buildActionMask = 2147483647;
			files = (
				80D94894FEB1071AA51A3BA6 /* Pods_Collectify.framework in Frameworks */,
			);
			runOnlyForDeploymentPostprocessing = 0;
		};
		20E1A33023D48893001D6FA6 /* Frameworks */ = {
			isa = PBXFrameworksBuildPhase;
			buildActionMask = 2147483647;
			files = (
				F70C5699F49C7B73AC6DDD6C /* Pods_CollectifyTests.framework in Frameworks */,
			);
			runOnlyForDeploymentPostprocessing = 0;
		};
		20E1A33B23D48893001D6FA6 /* Frameworks */ = {
			isa = PBXFrameworksBuildPhase;
			buildActionMask = 2147483647;
			files = (
				B917342723BDE020D09D4174 /* Pods_Collectify_CollectifyUITests.framework in Frameworks */,
			);
			runOnlyForDeploymentPostprocessing = 0;
		};
/* End PBXFrameworksBuildPhase section */

/* Begin PBXGroup section */
		20E1A31123D48892001D6FA6 = {
			isa = PBXGroup;
			children = (
				20E1A35823D4905D001D6FA6 /* EventListView.swift */,
				20E1A31C23D48892001D6FA6 /* Collectify */,
				20E1A33623D48893001D6FA6 /* CollectifyTests */,
				20E1A34123D48893001D6FA6 /* CollectifyUITests */,
				20E1A31B23D48892001D6FA6 /* Products */,
				EBAAA81E2616B04FBE7889ED /* Pods */,
				7D1C5A2B0CE69021B44357F0 /* Frameworks */,
			);
			sourceTree = "<group>";
		};
		20E1A31B23D48892001D6FA6 /* Products */ = {
			isa = PBXGroup;
			children = (
				20E1A31A23D48892001D6FA6 /* Collectify.app */,
				20E1A33323D48893001D6FA6 /* CollectifyTests.xctest */,
				20E1A33E23D48893001D6FA6 /* CollectifyUITests.xctest */,
			);
			name = Products;
			sourceTree = "<group>";
		};
		20E1A31C23D48892001D6FA6 /* Collectify */ = {
			isa = PBXGroup;
			children = (
				20E1A36223D4AB57001D6FA6 /* GarbageEventModel.swift */,
				20E1A36423D4AC06001D6FA6 /* Observer.swift */,
				20E1A31D23D48892001D6FA6 /* AppDelegate.swift */,
				20E1A31F23D48892001D6FA6 /* SceneDelegate.swift */,
				20E1A32423D48892001D6FA6 /* ContentView.swift */,
				20E1A35A23D49391001D6FA6 /* CameraView.swift */,
				20E1A35E23D49AA7001D6FA6 /* PhotoCaptureView.swift */,
				20E1A35C23D496AA001D6FA6 /* ImagePicker.swift */,
				20E1A35423D48E8D001D6FA6 /* RestService.swift */,
				20E1A35223D48C7B001D6FA6 /* LocationManager.swift */,
				20E1A32623D48893001D6FA6 /* Assets.xcassets */,
				20E1A32B23D48893001D6FA6 /* LaunchScreen.storyboard */,
				20E1A32E23D48893001D6FA6 /* Info.plist */,
				20E1A32123D48892001D6FA6 /* Collectify.xcdatamodeld */,
				20E1A32823D48893001D6FA6 /* Preview Content */,
				20E1A35023D48990001D6FA6 /* MapView.swift */,
			);
			path = Collectify;
			sourceTree = "<group>";
		};
		20E1A32823D48893001D6FA6 /* Preview Content */ = {
			isa = PBXGroup;
			children = (
				20E1A32923D48893001D6FA6 /* Preview Assets.xcassets */,
			);
			path = "Preview Content";
			sourceTree = "<group>";
		};
		20E1A33623D48893001D6FA6 /* CollectifyTests */ = {
			isa = PBXGroup;
			children = (
				20E1A33723D48893001D6FA6 /* CollectifyTests.swift */,
				20E1A33923D48893001D6FA6 /* Info.plist */,
			);
			path = CollectifyTests;
			sourceTree = "<group>";
		};
		20E1A34123D48893001D6FA6 /* CollectifyUITests */ = {
			isa = PBXGroup;
			children = (
				20E1A34223D48893001D6FA6 /* CollectifyUITests.swift */,
				20E1A34423D48893001D6FA6 /* Info.plist */,
			);
			path = CollectifyUITests;
			sourceTree = "<group>";
		};
		7D1C5A2B0CE69021B44357F0 /* Frameworks */ = {
			isa = PBXGroup;
			children = (
				F624B4555420AC7E4290BE35 /* Pods_Collectify.framework */,
				EC782457C6617779B6DBA10A /* Pods_Collectify_CollectifyUITests.framework */,
				6510E6144A7A3995BDCAE653 /* Pods_CollectifyTests.framework */,
			);
			name = Frameworks;
			sourceTree = "<group>";
		};
		EBAAA81E2616B04FBE7889ED /* Pods */ = {
			isa = PBXGroup;
			children = (
				6B2570FC3C000CD247CC9005 /* Pods-Collectify.debug.xcconfig */,
				6A42C1C3BEF32F9F74F6C517 /* Pods-Collectify.release.xcconfig */,
				41A50FB50940FC9BA95849B6 /* Pods-Collectify-CollectifyUITests.debug.xcconfig */,
				A02F07D1913233A659C3B575 /* Pods-Collectify-CollectifyUITests.release.xcconfig */,
				44D8B1663C693FDA400A87AC /* Pods-CollectifyTests.debug.xcconfig */,
				D8EFFC6544746FCFE859C888 /* Pods-CollectifyTests.release.xcconfig */,
			);
			path = Pods;
			sourceTree = "<group>";
		};
/* End PBXGroup section */

/* Begin PBXNativeTarget section */
		20E1A31923D48892001D6FA6 /* Collectify */ = {
			isa = PBXNativeTarget;
			buildConfigurationList = 20E1A34723D48893001D6FA6 /* Build configuration list for PBXNativeTarget "Collectify" */;
			buildPhases = (
				C52C5CE2B73BA262EC4C5444 /* [CP] Check Pods Manifest.lock */,
				20E1A31623D48892001D6FA6 /* Sources */,
				20E1A31723D48892001D6FA6 /* Frameworks */,
				20E1A31823D48892001D6FA6 /* Resources */,
				DA445AA6D792FCFB93D2881F /* [CP] Embed Pods Frameworks */,
			);
			buildRules = (
			);
			dependencies = (
			);
			name = Collectify;
			productName = Collectify;
			productReference = 20E1A31A23D48892001D6FA6 /* Collectify.app */;
			productType = "com.apple.product-type.application";
		};
		20E1A33223D48893001D6FA6 /* CollectifyTests */ = {
			isa = PBXNativeTarget;
			buildConfigurationList = 20E1A34A23D48893001D6FA6 /* Build configuration list for PBXNativeTarget "CollectifyTests" */;
			buildPhases = (
				6CC5DD131A76B122EFEE1EC7 /* [CP] Check Pods Manifest.lock */,
				20E1A32F23D48893001D6FA6 /* Sources */,
				20E1A33023D48893001D6FA6 /* Frameworks */,
				20E1A33123D48893001D6FA6 /* Resources */,
			);
			buildRules = (
			);
			dependencies = (
				20E1A33523D48893001D6FA6 /* PBXTargetDependency */,
			);
			name = CollectifyTests;
			productName = CollectifyTests;
			productReference = 20E1A33323D48893001D6FA6 /* CollectifyTests.xctest */;
			productType = "com.apple.product-type.bundle.unit-test";
		};
		20E1A33D23D48893001D6FA6 /* CollectifyUITests */ = {
			isa = PBXNativeTarget;
			buildConfigurationList = 20E1A34D23D48893001D6FA6 /* Build configuration list for PBXNativeTarget "CollectifyUITests" */;
			buildPhases = (
				47F672B3BC920A879EF21A47 /* [CP] Check Pods Manifest.lock */,
				20E1A33A23D48893001D6FA6 /* Sources */,
				20E1A33B23D48893001D6FA6 /* Frameworks */,
				20E1A33C23D48893001D6FA6 /* Resources */,
				CAC1905C1209E9946346A9E7 /* [CP] Embed Pods Frameworks */,
			);
			buildRules = (
			);
			dependencies = (
				20E1A34023D48893001D6FA6 /* PBXTargetDependency */,
			);
			name = CollectifyUITests;
			productName = CollectifyUITests;
			productReference = 20E1A33E23D48893001D6FA6 /* CollectifyUITests.xctest */;
			productType = "com.apple.product-type.bundle.ui-testing";
		};
/* End PBXNativeTarget section */

/* Begin PBXProject section */
		20E1A31223D48892001D6FA6 /* Project object */ = {
			isa = PBXProject;
			attributes = {
				LastSwiftUpdateCheck = 1130;
				LastUpgradeCheck = 1130;
				ORGANIZATIONNAME = "Evan Kirby McGregor";
				TargetAttributes = {
					20E1A31923D48892001D6FA6 = {
						CreatedOnToolsVersion = 11.3.1;
					};
					20E1A33223D48893001D6FA6 = {
						CreatedOnToolsVersion = 11.3.1;
						TestTargetID = 20E1A31923D48892001D6FA6;
					};
					20E1A33D23D48893001D6FA6 = {
						CreatedOnToolsVersion = 11.3.1;
						TestTargetID = 20E1A31923D48892001D6FA6;
					};
				};
			};
			buildConfigurationList = 20E1A31523D48892001D6FA6 /* Build configuration list for PBXProject "Collectify" */;
			compatibilityVersion = "Xcode 9.3";
			developmentRegion = en;
			hasScannedForEncodings = 0;
			knownRegions = (
				en,
				Base,
			);
			mainGroup = 20E1A31123D48892001D6FA6;
			productRefGroup = 20E1A31B23D48892001D6FA6 /* Products */;
			projectDirPath = "";
			projectRoot = "";
			targets = (
				20E1A31923D48892001D6FA6 /* Collectify */,
				20E1A33223D48893001D6FA6 /* CollectifyTests */,
				20E1A33D23D48893001D6FA6 /* CollectifyUITests */,
			);
		};
/* End PBXProject section */

/* Begin PBXResourcesBuildPhase section */
		20E1A31823D48892001D6FA6 /* Resources */ = {
			isa = PBXResourcesBuildPhase;
			buildActionMask = 2147483647;
			files = (
				20E1A32D23D48893001D6FA6 /* LaunchScreen.storyboard in Resources */,
				20E1A32A23D48893001D6FA6 /* Preview Assets.xcassets in Resources */,
				20E1A32723D48893001D6FA6 /* Assets.xcassets in Resources */,
			);
			runOnlyForDeploymentPostprocessing = 0;
		};
		20E1A33123D48893001D6FA6 /* Resources */ = {
			isa = PBXResourcesBuildPhase;
			buildActionMask = 2147483647;
			files = (
			);
			runOnlyForDeploymentPostprocessing = 0;
		};
		20E1A33C23D48893001D6FA6 /* Resources */ = {
			isa = PBXResourcesBuildPhase;
			buildActionMask = 2147483647;
			files = (
			);
			runOnlyForDeploymentPostprocessing = 0;
		};
/* End PBXResourcesBuildPhase section */

/* Begin PBXShellScriptBuildPhase section */
		47F672B3BC920A879EF21A47 /* [CP] Check Pods Manifest.lock */ = {
			isa = PBXShellScriptBuildPhase;
			buildActionMask = 2147483647;
			files = (
			);
			inputFileListPaths = (
			);
			inputPaths = (
				"${PODS_PODFILE_DIR_PATH}/Podfile.lock",
				"${PODS_ROOT}/Manifest.lock",
			);
			name = "[CP] Check Pods Manifest.lock";
			outputFileListPaths = (
			);
			outputPaths = (
				"$(DERIVED_FILE_DIR)/Pods-Collectify-CollectifyUITests-checkManifestLockResult.txt",
			);
			runOnlyForDeploymentPostprocessing = 0;
			shellPath = /bin/sh;
			shellScript = "diff \"${PODS_PODFILE_DIR_PATH}/Podfile.lock\" \"${PODS_ROOT}/Manifest.lock\" > /dev/null\nif [ $? != 0 ] ; then\n    # print error to STDERR\n    echo \"error: The sandbox is not in sync with the Podfile.lock. Run 'pod install' or update your CocoaPods installation.\" >&2\n    exit 1\nfi\n# This output is used by Xcode 'outputs' to avoid re-running this script phase.\necho \"SUCCESS\" > \"${SCRIPT_OUTPUT_FILE_0}\"\n";
			showEnvVarsInLog = 0;
		};
		6CC5DD131A76B122EFEE1EC7 /* [CP] Check Pods Manifest.lock */ = {
			isa = PBXShellScriptBuildPhase;
			buildActionMask = 2147483647;
			files = (
			);
			inputFileListPaths = (
			);
			inputPaths = (
				"${PODS_PODFILE_DIR_PATH}/Podfile.lock",
				"${PODS_ROOT}/Manifest.lock",
			);
			name = "[CP] Check Pods Manifest.lock";
			outputFileListPaths = (
			);
			outputPaths = (
				"$(DERIVED_FILE_DIR)/Pods-CollectifyTests-checkManifestLockResult.txt",
			);
			runOnlyForDeploymentPostprocessing = 0;
			shellPath = /bin/sh;
			shellScript = "diff \"${PODS_PODFILE_DIR_PATH}/Podfile.lock\" \"${PODS_ROOT}/Manifest.lock\" > /dev/null\nif [ $? != 0 ] ; then\n    # print error to STDERR\n    echo \"error: The sandbox is not in sync with the Podfile.lock. Run 'pod install' or update your CocoaPods installation.\" >&2\n    exit 1\nfi\n# This output is used by Xcode 'outputs' to avoid re-running this script phase.\necho \"SUCCESS\" > \"${SCRIPT_OUTPUT_FILE_0}\"\n";
			showEnvVarsInLog = 0;
		};
		C52C5CE2B73BA262EC4C5444 /* [CP] Check Pods Manifest.lock */ = {
			isa = PBXShellScriptBuildPhase;
			buildActionMask = 2147483647;
			files = (
			);
			inputFileListPaths = (
			);
			inputPaths = (
				"${PODS_PODFILE_DIR_PATH}/Podfile.lock",
				"${PODS_ROOT}/Manifest.lock",
			);
			name = "[CP] Check Pods Manifest.lock";
			outputFileListPaths = (
			);
			outputPaths = (
				"$(DERIVED_FILE_DIR)/Pods-Collectify-checkManifestLockResult.txt",
			);
			runOnlyForDeploymentPostprocessing = 0;
			shellPath = /bin/sh;
			shellScript = "diff \"${PODS_PODFILE_DIR_PATH}/Podfile.lock\" \"${PODS_ROOT}/Manifest.lock\" > /dev/null\nif [ $? != 0 ] ; then\n    # print error to STDERR\n    echo \"error: The sandbox is not in sync with the Podfile.lock. Run 'pod install' or update your CocoaPods installation.\" >&2\n    exit 1\nfi\n# This output is used by Xcode 'outputs' to avoid re-running this script phase.\necho \"SUCCESS\" > \"${SCRIPT_OUTPUT_FILE_0}\"\n";
			showEnvVarsInLog = 0;
		};
		CAC1905C1209E9946346A9E7 /* [CP] Embed Pods Frameworks */ = {
			isa = PBXShellScriptBuildPhase;
			buildActionMask = 2147483647;
			files = (
			);
			inputFileListPaths = (
				"${PODS_ROOT}/Target Support Files/Pods-Collectify-CollectifyUITests/Pods-Collectify-CollectifyUITests-frameworks-${CONFIGURATION}-input-files.xcfilelist",
			);
			name = "[CP] Embed Pods Frameworks";
			outputFileListPaths = (
				"${PODS_ROOT}/Target Support Files/Pods-Collectify-CollectifyUITests/Pods-Collectify-CollectifyUITests-frameworks-${CONFIGURATION}-output-files.xcfilelist",
			);
			runOnlyForDeploymentPostprocessing = 0;
			shellPath = /bin/sh;
			shellScript = "\"${PODS_ROOT}/Target Support Files/Pods-Collectify-CollectifyUITests/Pods-Collectify-CollectifyUITests-frameworks.sh\"\n";
			showEnvVarsInLog = 0;
		};
		DA445AA6D792FCFB93D2881F /* [CP] Embed Pods Frameworks */ = {
			isa = PBXShellScriptBuildPhase;
			buildActionMask = 2147483647;
			files = (
			);
			inputFileListPaths = (
				"${PODS_ROOT}/Target Support Files/Pods-Collectify/Pods-Collectify-frameworks-${CONFIGURATION}-input-files.xcfilelist",
			);
			name = "[CP] Embed Pods Frameworks";
			outputFileListPaths = (
				"${PODS_ROOT}/Target Support Files/Pods-Collectify/Pods-Collectify-frameworks-${CONFIGURATION}-output-files.xcfilelist",
			);
			runOnlyForDeploymentPostprocessing = 0;
			shellPath = /bin/sh;
			shellScript = "\"${PODS_ROOT}/Target Support Files/Pods-Collectify/Pods-Collectify-frameworks.sh\"\n";
			showEnvVarsInLog = 0;
		};
/* End PBXShellScriptBuildPhase section */

/* Begin PBXSourcesBuildPhase section */
		20E1A31623D48892001D6FA6 /* Sources */ = {
			isa = PBXSourcesBuildPhase;
			buildActionMask = 2147483647;
			files = (
				20E1A36523D4AC06001D6FA6 /* Observer.swift in Sources */,
				20E1A32323D48892001D6FA6 /* Collectify.xcdatamodeld in Sources */,
				20E1A35523D48E8D001D6FA6 /* RestService.swift in Sources */,
				20E1A36323D4AB57001D6FA6 /* GarbageEventModel.swift in Sources */,
				20E1A31E23D48892001D6FA6 /* AppDelegate.swift in Sources */,
				20E1A35B23D49391001D6FA6 /* CameraView.swift in Sources */,
				20E1A35323D48C7B001D6FA6 /* LocationManager.swift in Sources */,
				20E1A35F23D49AA7001D6FA6 /* PhotoCaptureView.swift in Sources */,
				20E1A35123D48990001D6FA6 /* MapView.swift in Sources */,
				20E1A32523D48892001D6FA6 /* ContentView.swift in Sources */,
				20E1A35D23D496AA001D6FA6 /* ImagePicker.swift in Sources */,
				20E1A32023D48892001D6FA6 /* SceneDelegate.swift in Sources */,
				20E1A35923D4905D001D6FA6 /* EventListView.swift in Sources */,
			);
			runOnlyForDeploymentPostprocessing = 0;
		};
		20E1A32F23D48893001D6FA6 /* Sources */ = {
			isa = PBXSourcesBuildPhase;
			buildActionMask = 2147483647;
			files = (
				20E1A33823D48893001D6FA6 /* CollectifyTests.swift in Sources */,
			);
			runOnlyForDeploymentPostprocessing = 0;
		};
		20E1A33A23D48893001D6FA6 /* Sources */ = {
			isa = PBXSourcesBuildPhase;
			buildActionMask = 2147483647;
			files = (
				20E1A34323D48893001D6FA6 /* CollectifyUITests.swift in Sources */,
			);
			runOnlyForDeploymentPostprocessing = 0;
		};
/* End PBXSourcesBuildPhase section */

/* Begin PBXTargetDependency section */
		20E1A33523D48893001D6FA6 /* PBXTargetDependency */ = {
			isa = PBXTargetDependency;
			target = 20E1A31923D48892001D6FA6 /* Collectify */;
			targetProxy = 20E1A33423D48893001D6FA6 /* PBXContainerItemProxy */;
		};
		20E1A34023D48893001D6FA6 /* PBXTargetDependency */ = {
			isa = PBXTargetDependency;
			target = 20E1A31923D48892001D6FA6 /* Collectify */;
			targetProxy = 20E1A33F23D48893001D6FA6 /* PBXContainerItemProxy */;
		};
/* End PBXTargetDependency section */

/* Begin PBXVariantGroup section */
		20E1A32B23D48893001D6FA6 /* LaunchScreen.storyboard */ = {
			isa = PBXVariantGroup;
			children = (
				20E1A32C23D48893001D6FA6 /* Base */,
			);
			name = LaunchScreen.storyboard;
			sourceTree = "<group>";
		};
/* End PBXVariantGroup section */

/* Begin XCBuildConfiguration section */
		20E1A34523D48893001D6FA6 /* Debug */ = {
			isa = XCBuildConfiguration;
			buildSettings = {
				ALWAYS_SEARCH_USER_PATHS = NO;
				CLANG_ANALYZER_NONNULL = YES;
				CLANG_ANALYZER_NUMBER_OBJECT_CONVERSION = YES_AGGRESSIVE;
				CLANG_CXX_LANGUAGE_STANDARD = "gnu++14";
				CLANG_CXX_LIBRARY = "libc++";
				CLANG_ENABLE_MODULES = YES;
				CLANG_ENABLE_OBJC_ARC = YES;
				CLANG_ENABLE_OBJC_WEAK = YES;
				CLANG_WARN_BLOCK_CAPTURE_AUTORELEASING = YES;
				CLANG_WARN_BOOL_CONVERSION = YES;
				CLANG_WARN_COMMA = YES;
				CLANG_WARN_CONSTANT_CONVERSION = YES;
				CLANG_WARN_DEPRECATED_OBJC_IMPLEMENTATIONS = YES;
				CLANG_WARN_DIRECT_OBJC_ISA_USAGE = YES_ERROR;
				CLANG_WARN_DOCUMENTATION_COMMENTS = YES;
				CLANG_WARN_EMPTY_BODY = YES;
				CLANG_WARN_ENUM_CONVERSION = YES;
				CLANG_WARN_INFINITE_RECURSION = YES;
				CLANG_WARN_INT_CONVERSION = YES;
				CLANG_WARN_NON_LITERAL_NULL_CONVERSION = YES;
				CLANG_WARN_OBJC_IMPLICIT_RETAIN_SELF = YES;
				CLANG_WARN_OBJC_LITERAL_CONVERSION = YES;
				CLANG_WARN_OBJC_ROOT_CLASS = YES_ERROR;
				CLANG_WARN_RANGE_LOOP_ANALYSIS = YES;
				CLANG_WARN_STRICT_PROTOTYPES = YES;
				CLANG_WARN_SUSPICIOUS_MOVE = YES;
				CLANG_WARN_UNGUARDED_AVAILABILITY = YES_AGGRESSIVE;
				CLANG_WARN_UNREACHABLE_CODE = YES;
				CLANG_WARN__DUPLICATE_METHOD_MATCH = YES;
				COPY_PHASE_STRIP = NO;
				DEBUG_INFORMATION_FORMAT = dwarf;
				ENABLE_STRICT_OBJC_MSGSEND = YES;
				ENABLE_TESTABILITY = YES;
				GCC_C_LANGUAGE_STANDARD = gnu11;
				GCC_DYNAMIC_NO_PIC = NO;
				GCC_NO_COMMON_BLOCKS = YES;
				GCC_OPTIMIZATION_LEVEL = 0;
				GCC_PREPROCESSOR_DEFINITIONS = (
					"DEBUG=1",
					"$(inherited)",
				);
				GCC_WARN_64_TO_32_BIT_CONVERSION = YES;
				GCC_WARN_ABOUT_RETURN_TYPE = YES_ERROR;
				GCC_WARN_UNDECLARED_SELECTOR = YES;
				GCC_WARN_UNINITIALIZED_AUTOS = YES_AGGRESSIVE;
				GCC_WARN_UNUSED_FUNCTION = YES;
				GCC_WARN_UNUSED_VARIABLE = YES;
				IPHONEOS_DEPLOYMENT_TARGET = 13.2;
				MTL_ENABLE_DEBUG_INFO = INCLUDE_SOURCE;
				MTL_FAST_MATH = YES;
				ONLY_ACTIVE_ARCH = YES;
				SDKROOT = iphoneos;
				SWIFT_ACTIVE_COMPILATION_CONDITIONS = DEBUG;
				SWIFT_OPTIMIZATION_LEVEL = "-Onone";
			};
			name = Debug;
		};
		20E1A34623D48893001D6FA6 /* Release */ = {
			isa = XCBuildConfiguration;
			buildSettings = {
				ALWAYS_SEARCH_USER_PATHS = NO;
				CLANG_ANALYZER_NONNULL = YES;
				CLANG_ANALYZER_NUMBER_OBJECT_CONVERSION = YES_AGGRESSIVE;
				CLANG_CXX_LANGUAGE_STANDARD = "gnu++14";
				CLANG_CXX_LIBRARY = "libc++";
				CLANG_ENABLE_MODULES = YES;
				CLANG_ENABLE_OBJC_ARC = YES;
				CLANG_ENABLE_OBJC_WEAK = YES;
				CLANG_WARN_BLOCK_CAPTURE_AUTORELEASING = YES;
				CLANG_WARN_BOOL_CONVERSION = YES;
				CLANG_WARN_COMMA = YES;
				CLANG_WARN_CONSTANT_CONVERSION = YES;
				CLANG_WARN_DEPRECATED_OBJC_IMPLEMENTATIONS = YES;
				CLANG_WARN_DIRECT_OBJC_ISA_USAGE = YES_ERROR;
				CLANG_WARN_DOCUMENTATION_COMMENTS = YES;
				CLANG_WARN_EMPTY_BODY = YES;
				CLANG_WARN_ENUM_CONVERSION = YES;
				CLANG_WARN_INFINITE_RECURSION = YES;
				CLANG_WARN_INT_CONVERSION = YES;
				CLANG_WARN_NON_LITERAL_NULL_CONVERSION = YES;
				CLANG_WARN_OBJC_IMPLICIT_RETAIN_SELF = YES;
				CLANG_WARN_OBJC_LITERAL_CONVERSION = YES;
				CLANG_WARN_OBJC_ROOT_CLASS = YES_ERROR;
				CLANG_WARN_RANGE_LOOP_ANALYSIS = YES;
				CLANG_WARN_STRICT_PROTOTYPES = YES;
				CLANG_WARN_SUSPICIOUS_MOVE = YES;
				CLANG_WARN_UNGUARDED_AVAILABILITY = YES_AGGRESSIVE;
				CLANG_WARN_UNREACHABLE_CODE = YES;
				CLANG_WARN__DUPLICATE_METHOD_MATCH = YES;
				COPY_PHASE_STRIP = NO;
				DEBUG_INFORMATION_FORMAT = "dwarf-with-dsym";
				ENABLE_NS_ASSERTIONS = NO;
				ENABLE_STRICT_OBJC_MSGSEND = YES;
				GCC_C_LANGUAGE_STANDARD = gnu11;
				GCC_NO_COMMON_BLOCKS = YES;
				GCC_WARN_64_TO_32_BIT_CONVERSION = YES;
				GCC_WARN_ABOUT_RETURN_TYPE = YES_ERROR;
				GCC_WARN_UNDECLARED_SELECTOR = YES;
				GCC_WARN_UNINITIALIZED_AUTOS = YES_AGGRESSIVE;
				GCC_WARN_UNUSED_FUNCTION = YES;
				GCC_WARN_UNUSED_VARIABLE = YES;
				IPHONEOS_DEPLOYMENT_TARGET = 13.2;
				MTL_ENABLE_DEBUG_INFO = NO;
				MTL_FAST_MATH = YES;
				SDKROOT = iphoneos;
				SWIFT_COMPILATION_MODE = wholemodule;
				SWIFT_OPTIMIZATION_LEVEL = "-O";
				VALIDATE_PRODUCT = YES;
			};
			name = Release;
		};
		20E1A34823D48893001D6FA6 /* Debug */ = {
			isa = XCBuildConfiguration;
			baseConfigurationReference = 6B2570FC3C000CD247CC9005 /* Pods-Collectify.debug.xcconfig */;
			buildSettings = {
				ASSETCATALOG_COMPILER_APPICON_NAME = AppIcon;
				CODE_SIGN_STYLE = Automatic;
				DEVELOPMENT_ASSET_PATHS = "\"Collectify/Preview Content\"";
				DEVELOPMENT_TEAM = X692T3M5AJ;
				ENABLE_PREVIEWS = YES;
				INFOPLIST_FILE = Collectify/Info.plist;
				LD_RUNPATH_SEARCH_PATHS = (
					"$(inherited)",
					"@executable_path/Frameworks",
				);
				PRODUCT_BUNDLE_IDENTIFIER = com.example.Collectify;
				PRODUCT_NAME = "$(TARGET_NAME)";
				SWIFT_VERSION = 5.0;
				TARGETED_DEVICE_FAMILY = "1,2";
			};
			name = Debug;
		};
		20E1A34923D48893001D6FA6 /* Release */ = {
			isa = XCBuildConfiguration;
			baseConfigurationReference = 6A42C1C3BEF32F9F74F6C517 /* Pods-Collectify.release.xcconfig */;
			buildSettings = {
				ASSETCATALOG_COMPILER_APPICON_NAME = AppIcon;
				CODE_SIGN_STYLE = Automatic;
				DEVELOPMENT_ASSET_PATHS = "\"Collectify/Preview Content\"";
				DEVELOPMENT_TEAM = X692T3M5AJ;
				ENABLE_PREVIEWS = YES;
				INFOPLIST_FILE = Collectify/Info.plist;
				LD_RUNPATH_SEARCH_PATHS = (
					"$(inherited)",
					"@executable_path/Frameworks",
				);
				PRODUCT_BUNDLE_IDENTIFIER = com.example.Collectify;
				PRODUCT_NAME = "$(TARGET_NAME)";
				SWIFT_VERSION = 5.0;
				TARGETED_DEVICE_FAMILY = "1,2";
			};
			name = Release;
		};
		20E1A34B23D48893001D6FA6 /* Debug */ = {
			isa = XCBuildConfiguration;
			baseConfigurationReference = 44D8B1663C693FDA400A87AC /* Pods-CollectifyTests.debug.xcconfig */;
			buildSettings = {
				ALWAYS_EMBED_SWIFT_STANDARD_LIBRARIES = YES;
				BUNDLE_LOADER = "$(TEST_HOST)";
				CODE_SIGN_STYLE = Automatic;
				INFOPLIST_FILE = CollectifyTests/Info.plist;
				IPHONEOS_DEPLOYMENT_TARGET = 13.2;
				LD_RUNPATH_SEARCH_PATHS = (
					"$(inherited)",
					"@executable_path/Frameworks",
					"@loader_path/Frameworks",
				);
				PRODUCT_BUNDLE_IDENTIFIER = com.example.CollectifyTests;
				PRODUCT_NAME = "$(TARGET_NAME)";
				SWIFT_VERSION = 5.0;
				TARGETED_DEVICE_FAMILY = "1,2";
				TEST_HOST = "$(BUILT_PRODUCTS_DIR)/Collectify.app/Collectify";
			};
			name = Debug;
		};
		20E1A34C23D48893001D6FA6 /* Release */ = {
			isa = XCBuildConfiguration;
			baseConfigurationReference = D8EFFC6544746FCFE859C888 /* Pods-CollectifyTests.release.xcconfig */;
			buildSettings = {
				ALWAYS_EMBED_SWIFT_STANDARD_LIBRARIES = YES;
				BUNDLE_LOADER = "$(TEST_HOST)";
				CODE_SIGN_STYLE = Automatic;
				INFOPLIST_FILE = CollectifyTests/Info.plist;
				IPHONEOS_DEPLOYMENT_TARGET = 13.2;
				LD_RUNPATH_SEARCH_PATHS = (
					"$(inherited)",
					"@executable_path/Frameworks",
					"@loader_path/Frameworks",
				);
				PRODUCT_BUNDLE_IDENTIFIER = com.example.CollectifyTests;
				PRODUCT_NAME = "$(TARGET_NAME)";
				SWIFT_VERSION = 5.0;
				TARGETED_DEVICE_FAMILY = "1,2";
				TEST_HOST = "$(BUILT_PRODUCTS_DIR)/Collectify.app/Collectify";
			};
			name = Release;
		};
		20E1A34E23D48893001D6FA6 /* Debug */ = {
			isa = XCBuildConfiguration;
			baseConfigurationReference = 41A50FB50940FC9BA95849B6 /* Pods-Collectify-CollectifyUITests.debug.xcconfig */;
			buildSettings = {
				ALWAYS_EMBED_SWIFT_STANDARD_LIBRARIES = YES;
				CODE_SIGN_STYLE = Automatic;
				INFOPLIST_FILE = CollectifyUITests/Info.plist;
				LD_RUNPATH_SEARCH_PATHS = (
					"$(inherited)",
					"@executable_path/Frameworks",
					"@loader_path/Frameworks",
				);
				PRODUCT_BUNDLE_IDENTIFIER = com.example.CollectifyUITests;
				PRODUCT_NAME = "$(TARGET_NAME)";
				SWIFT_VERSION = 5.0;
				TARGETED_DEVICE_FAMILY = "1,2";
				TEST_TARGET_NAME = Collectify;
			};
			name = Debug;
		};
		20E1A34F23D48893001D6FA6 /* Release */ = {
			isa = XCBuildConfiguration;
			baseConfigurationReference = A02F07D1913233A659C3B575 /* Pods-Collectify-CollectifyUITests.release.xcconfig */;
			buildSettings = {
				ALWAYS_EMBED_SWIFT_STANDARD_LIBRARIES = YES;
				CODE_SIGN_STYLE = Automatic;
				INFOPLIST_FILE = CollectifyUITests/Info.plist;
				LD_RUNPATH_SEARCH_PATHS = (
					"$(inherited)",
					"@executable_path/Frameworks",
					"@loader_path/Frameworks",
				);
				PRODUCT_BUNDLE_IDENTIFIER = com.example.CollectifyUITests;
				PRODUCT_NAME = "$(TARGET_NAME)";
				SWIFT_VERSION = 5.0;
				TARGETED_DEVICE_FAMILY = "1,2";
				TEST_TARGET_NAME = Collectify;
			};
			name = Release;
		};
/* End XCBuildConfiguration section */

/* Begin XCConfigurationList section */
		20E1A31523D48892001D6FA6 /* Build configuration list for PBXProject "Collectify" */ = {
			isa = XCConfigurationList;
			buildConfigurations = (
				20E1A34523D48893001D6FA6 /* Debug */,
				20E1A34623D48893001D6FA6 /* Release */,
			);
			defaultConfigurationIsVisible = 0;
			defaultConfigurationName = Release;
		};
		20E1A34723D48893001D6FA6 /* Build configuration list for PBXNativeTarget "Collectify" */ = {
			isa = XCConfigurationList;
			buildConfigurations = (
				20E1A34823D48893001D6FA6 /* Debug */,
				20E1A34923D48893001D6FA6 /* Release */,
			);
			defaultConfigurationIsVisible = 0;
			defaultConfigurationName = Release;
		};
		20E1A34A23D48893001D6FA6 /* Build configuration list for PBXNativeTarget "CollectifyTests" */ = {
			isa = XCConfigurationList;
			buildConfigurations = (
				20E1A34B23D48893001D6FA6 /* Debug */,
				20E1A34C23D48893001D6FA6 /* Release */,
			);
			defaultConfigurationIsVisible = 0;
			defaultConfigurationName = Release;
		};
		20E1A34D23D48893001D6FA6 /* Build configuration list for PBXNativeTarget "CollectifyUITests" */ = {
			isa = XCConfigurationList;
			buildConfigurations = (
				20E1A34E23D48893001D6FA6 /* Debug */,
				20E1A34F23D48893001D6FA6 /* Release */,
			);
			defaultConfigurationIsVisible = 0;
			defaultConfigurationName = Release;
		};
/* End XCConfigurationList section */

/* Begin XCVersionGroup section */
		20E1A32123D48892001D6FA6 /* Collectify.xcdatamodeld */ = {
			isa = XCVersionGroup;
			children = (
				20E1A32223D48892001D6FA6 /* Collectify.xcdatamodel */,
			);
			currentVersion = 20E1A32223D48892001D6FA6 /* Collectify.xcdatamodel */;
			path = Collectify.xcdatamodeld;
			sourceTree = "<group>";
			versionGroupType = wrapper.xcdatamodel;
		};
/* End XCVersionGroup section */
	};
	rootObject = 20E1A31223D48892001D6FA6 /* Project object */;
}
